
Microsoft Visual Studio Solution File, Format Version 12.00
# Visual Studio 15
VisualStudioVersion = 15.0.27428.2037
MinimumVisualStudioVersion = 10.0.40219.1
Project("{FAE04EC0-301F-11D3-BF4B-00C04F79EFBC}") = "Strzelnica", "Strzelnica\Strzelnica.csproj", "{3C834D82-FE50-42C7-BB4A-8992E8F05519}"
EndProject
Global
	GlobalSection(SolutionConfigurationPlatforms) = preSolution
		Debug|Any CPU = Debug|Any CPU
		Release|Any CPU = Release|Any CPU
	EndGlobalSection
	GlobalSection(ProjectConfigurationPlatforms) = postSolution
		{3C834D82-FE50-42C7-BB4A-8992E8F05519}.Debug|Any CPU.ActiveCfg = Debug|Any CPU
		{3C834D82-FE50-42C7-BB4A-8992E8F05519}.Debug|Any CPU.Build.0 = Debug|Any CPU
		{3C834D82-FE50-42C7-BB4A-8992E8F05519}.Release|Any CPU.ActiveCfg = Release|Any CPU
		{3C834D82-FE50-42C7-BB4A-8992E8F05519}.Release|Any CPU.Build.0 = Release|Any CPU
	EndGlobalSection
	GlobalSection(SolutionProperties) = preSolution
		HideSolutionNode = FALSE
	EndGlobalSection
	GlobalSection(ExtensibilityGlobals) = postSolution
		SolutionGuid = {8E903087-41D6-4940-9591-4B8556A93C85}
	EndGlobalSection
EndGlobal
